
Microsoft Visual Studio Solution File, Format Version 12.00
Project("{FAE04EC0-301F-11D3-BF4B-00C04F79EFBC}") = "ARngryBirdsBackend", "ARngryBirdsBackend\ARngryBirdsBackend.csproj", "{65806880-C443-4101-AD6B-F7F93B768F36}"
EndProject
Global
	GlobalSection(SolutionConfigurationPlatforms) = preSolution
		Debug|Any CPU = Debug|Any CPU
		Release|Any CPU = Release|Any CPU
	EndGlobalSection
	GlobalSection(ProjectConfigurationPlatforms) = postSolution
		{65806880-C443-4101-AD6B-F7F93B768F36}.Debug|Any CPU.ActiveCfg = Debug|Any CPU
		{65806880-C443-4101-AD6B-F7F93B768F36}.Debug|Any CPU.Build.0 = Debug|Any CPU
		{65806880-C443-4101-AD6B-F7F93B768F36}.Release|Any CPU.ActiveCfg = Release|Any CPU
		{65806880-C443-4101-AD6B-F7F93B768F36}.Release|Any CPU.Build.0 = Release|Any CPU
	EndGlobalSection
EndGlobal
